// !$*UTF8*$!
{
	archiveVersion = 1;
	classes = {
	};
	objectVersion = 48;
	objects = {

/* Begin PBXBuildFile section */
		64832CB92074996900514BB4 /* AppDelegate.swift in Sources */ = {isa = PBXBuildFile; fileRef = 64832CB82074996900514BB4 /* AppDelegate.swift */; };
		64832CBB2074996900514BB4 /* ViewController.swift in Sources */ = {isa = PBXBuildFile; fileRef = 64832CBA2074996900514BB4 /* ViewController.swift */; };
		64832CBE2074996900514BB4 /* Main.storyboard in Resources */ = {isa = PBXBuildFile; fileRef = 64832CBC2074996900514BB4 /* Main.storyboard */; };
		64832CC02074996900514BB4 /* Assets.xcassets in Resources */ = {isa = PBXBuildFile; fileRef = 64832CBF2074996900514BB4 /* Assets.xcassets */; };
		64832CC32074996900514BB4 /* LaunchScreen.storyboard in Resources */ = {isa = PBXBuildFile; fileRef = 64832CC12074996900514BB4 /* LaunchScreen.storyboard */; };
		64832CD020749A3900514BB4 /* frame1.png in Resources */ = {isa = PBXBuildFile; fileRef = 64832CCB20749A3800514BB4 /* frame1.png */; };
		64832CD120749A3900514BB4 /* frame3.png in Resources */ = {isa = PBXBuildFile; fileRef = 64832CCC20749A3800514BB4 /* frame3.png */; };
		64832CD220749A3900514BB4 /* frame4.png in Resources */ = {isa = PBXBuildFile; fileRef = 64832CCD20749A3900514BB4 /* frame4.png */; };
		64832CD320749A3900514BB4 /* frame2.png in Resources */ = {isa = PBXBuildFile; fileRef = 64832CCE20749A3900514BB4 /* frame2.png */; };
		64832CD420749A3900514BB4 /* frame5.png in Resources */ = {isa = PBXBuildFile; fileRef = 64832CCF20749A3900514BB4 /* frame5.png */; };
/* End PBXBuildFile section */

/* Begin PBXFileReference section */
		64832CB52074996900514BB4 /* Alien ImageTimer.app */ = {isa = PBXFileReference; explicitFileType = wrapper.application; includeInIndex = 0; path = "Alien ImageTimer.app"; sourceTree = BUILT_PRODUCTS_DIR; };
		64832CB82074996900514BB4 /* AppDelegate.swift */ = {isa = PBXFileReference; lastKnownFileType = sourcecode.swift; path = AppDelegate.swift; sourceTree = "<group>"; };
		64832CBA2074996900514BB4 /* ViewController.swift */ = {isa = PBXFileReference; lastKnownFileType = sourcecode.swift; path = ViewController.swift; sourceTree = "<group>"; };
		64832CBD2074996900514BB4 /* Base */ = {isa = PBXFileReference; lastKnownFileType = file.storyboard; name = Base; path = Base.lproj/Main.storyboard; sourceTree = "<group>"; };
		64832CBF2074996900514BB4 /* Assets.xcassets */ = {isa = PBXFileReference; lastKnownFileType = folder.assetcatalog; path = Assets.xcassets; sourceTree = "<group>"; };
		64832CC22074996900514BB4 /* Base */ = {isa = PBXFileReference; lastKnownFileType = file.storyboard; name = Base; path = Base.lproj/LaunchScreen.storyboard; sourceTree = "<group>"; };
		64832CC42074996900514BB4 /* Info.plist */ = {isa = PBXFileReference; lastKnownFileType = text.plist.xml; path = Info.plist; sourceTree = "<group>"; };
		64832CCB20749A3800514BB4 /* frame1.png */ = {isa = PBXFileReference; lastKnownFileType = image.png; path = frame1.png; sourceTree = "<group>"; };
		64832CCC20749A3800514BB4 /* frame3.png */ = {isa = PBXFileReference; lastKnownFileType = image.png; path = frame3.png; sourceTree = "<group>"; };
		64832CCD20749A3900514BB4 /* frame4.png */ = {isa = PBXFileReference; lastKnownFileType = image.png; path = frame4.png; sourceTree = "<group>"; };
		64832CCE20749A3900514BB4 /* frame2.png */ = {isa = PBXFileReference; lastKnownFileType = image.png; path = frame2.png; sourceTree = "<group>"; };
		64832CCF20749A3900514BB4 /* frame5.png */ = {isa = PBXFileReference; lastKnownFileType = image.png; path = frame5.png; sourceTree = "<group>"; };
/* End PBXFileReference section */

/* Begin PBXFrameworksBuildPhase section */
		64832CB22074996900514BB4 /* Frameworks */ = {
			isa = PBXFrameworksBuildPhase;
			buildActionMask = 2147483647;
			files = (
			);
			runOnlyForDeploymentPostprocessing = 0;
		};
/* End PBXFrameworksBuildPhase section */

/* Begin PBXGroup section */
		64832CAC2074996900514BB4 = {
			isa = PBXGroup;
			children = (
				64832CCA20749A1700514BB4 /* image */,
				64832CB72074996900514BB4 /* Alien ImageTimer */,
				64832CB62074996900514BB4 /* Products */,
			);
			sourceTree = "<group>";
		};
		64832CB62074996900514BB4 /* Products */ = {
			isa = PBXGroup;
			children = (
				64832CB52074996900514BB4 /* Alien ImageTimer.app */,
			);
			name = Products;
			sourceTree = "<group>";
		};
		64832CB72074996900514BB4 /* Alien ImageTimer */ = {
			isa = PBXGroup;
			children = (
				64832CB82074996900514BB4 /* AppDelegate.swift */,
				64832CBA2074996900514BB4 /* ViewController.swift */,
				64832CBC2074996900514BB4 /* Main.storyboard */,
				64832CBF2074996900514BB4 /* Assets.xcassets */,
				64832CC12074996900514BB4 /* LaunchScreen.storyboard */,
				64832CC42074996900514BB4 /* Info.plist */,
			);
			path = "Alien ImageTimer";
			sourceTree = "<group>";
		};
		64832CCA20749A1700514BB4 /* image */ = {
			isa = PBXGroup;
			children = (
				64832CCB20749A3800514BB4 /* frame1.png */,
				64832CCE20749A3900514BB4 /* frame2.png */,
				64832CCC20749A3800514BB4 /* frame3.png */,
				64832CCD20749A3900514BB4 /* frame4.png */,
				64832CCF20749A3900514BB4 /* frame5.png */,
			);
			path = image;
			sourceTree = "<group>";
		};
/* End PBXGroup section */

/* Begin PBXNativeTarget section */
		64832CB42074996900514BB4 /* Alien ImageTimer */ = {
			isa = PBXNativeTarget;
			buildConfigurationList = 64832CC72074996900514BB4 /* Build configuration list for PBXNativeTarget "Alien ImageTimer" */;
			buildPhases = (
				64832CB12074996900514BB4 /* Sources */,
				64832CB22074996900514BB4 /* Frameworks */,
				64832CB32074996900514BB4 /* Resources */,
			);
			buildRules = (
			);
			dependencies = (
			);
			name = "Alien ImageTimer";
			productName = "Alien ImageTimer";
			productReference = 64832CB52074996900514BB4 /* Alien ImageTimer.app */;
			productType = "com.apple.product-type.application";
		};
/* End PBXNativeTarget section */

/* Begin PBXProject section */
		64832CAD2074996900514BB4 /* Project object */ = {
			isa = PBXProject;
			attributes = {
				LastSwiftUpdateCheck = 0920;
				LastUpgradeCheck = 0920;
				ORGANIZATIONNAME = D7703_04;
				TargetAttributes = {
					64832CB42074996900514BB4 = {
						CreatedOnToolsVersion = 9.2;
						ProvisioningStyle = Automatic;
					};
				};
			};
			buildConfigurationList = 64832CB02074996900514BB4 /* Build configuration list for PBXProject "Alien ImageTimer" */;
			compatibilityVersion = "Xcode 8.0";
			developmentRegion = en;
			hasScannedForEncodings = 0;
			knownRegions = (
				en,
				Base,
			);
			mainGroup = 64832CAC2074996900514BB4;
			productRefGroup = 64832CB62074996900514BB4 /* Products */;
			projectDirPath = "";
			projectRoot = "";
			targets = (
				64832CB42074996900514BB4 /* Alien ImageTimer */,
			);
		};
/* End PBXProject section */

/* Begin PBXResourcesBuildPhase section */
		64832CB32074996900514BB4 /* Resources */ = {
			isa = PBXResourcesBuildPhase;
			buildActionMask = 2147483647;
			files = (
				64832CD220749A3900514BB4 /* frame4.png in Resources */,
				64832CD120749A3900514BB4 /* frame3.png in Resources */,
				64832CC32074996900514BB4 /* LaunchScreen.storyboard in Resources */,
				64832CD020749A3900514BB4 /* frame1.png in Resources */,
				64832CD320749A3900514BB4 /* frame2.png in Resources */,
				64832CD420749A3900514BB4 /* frame5.png in Resources */,
				64832CC02074996900514BB4 /* Assets.xcassets in Resources */,
				64832CBE2074996900514BB4 /* Main.storyboard in Resources */,
			);
			runOnlyForDeploymentPostprocessing = 0;
		};
/* End PBXResourcesBuildPhase section */

/* Begin PBXSourcesBuildPhase section */
		64832CB12074996900514BB4 /* Sources */ = {
			isa = PBXSourcesBuildPhase;
			buildActionMask = 2147483647;
			files = (
				64832CBB2074996900514BB4 /* ViewController.swift in Sources */,
				64832CB92074996900514BB4 /* AppDelegate.swift in Sources */,
			);
			runOnlyForDeploymentPostprocessing = 0;
		};
/* End PBXSourcesBuildPhase section */

/* Begin PBXVariantGroup section */
		64832CBC2074996900514BB4 /* Main.storyboard */ = {
			isa = PBXVariantGroup;
			children = (
				64832CBD2074996900514BB4 /* Base */,
			);
			name = Main.storyboard;
			sourceTree = "<group>";
		};
		64832CC12074996900514BB4 /* LaunchScreen.storyboard */ = {
			isa = PBXVariantGroup;
			children = (
				64832CC22074996900514BB4 /* Base */,
			);
			name = LaunchScreen.storyboard;
			sourceTree = "<group>";
		};
/* End PBXVariantGroup section */

/* Begin XCBuildConfiguration section */
		64832CC52074996900514BB4 /* Debug */ = {
			isa = XCBuildConfiguration;
			buildSettings = {
				ALWAYS_SEARCH_USER_PATHS = NO;
				CLANG_ANALYZER_NONNULL = YES;
				CLANG_ANALYZER_NUMBER_OBJECT_CONVERSION = YES_AGGRESSIVE;
				CLANG_CXX_LANGUAGE_STANDARD = "gnu++14";
				CLANG_CXX_LIBRARY = "libc++";
				CLANG_ENABLE_MODULES = YES;
				CLANG_ENABLE_OBJC_ARC = YES;
				CLANG_WARN_BLOCK_CAPTURE_AUTORELEASING = YES;
				CLANG_WARN_BOOL_CONVERSION = YES;
				CLANG_WARN_COMMA = YES;
				CLANG_WARN_CONSTANT_CONVERSION = YES;
				CLANG_WARN_DIRECT_OBJC_ISA_USAGE = YES_ERROR;
				CLANG_WARN_DOCUMENTATION_COMMENTS = YES;
				CLANG_WARN_EMPTY_BODY = YES;
				CLANG_WARN_ENUM_CONVERSION = YES;
				CLANG_WARN_INFINITE_RECURSION = YES;
				CLANG_WARN_INT_CONVERSION = YES;
				CLANG_WARN_NON_LITERAL_NULL_CONVERSION = YES;
				CLANG_WARN_OBJC_LITERAL_CONVERSION = YES;
				CLANG_WARN_OBJC_ROOT_CLASS = YES_ERROR;
				CLANG_WARN_RANGE_LOOP_ANALYSIS = YES;
				CLANG_WARN_STRICT_PROTOTYPES = YES;
				CLANG_WARN_SUSPICIOUS_MOVE = YES;
				CLANG_WARN_UNGUARDED_AVAILABILITY = YES_AGGRESSIVE;
				CLANG_WARN_UNREACHABLE_CODE = YES;
				CLANG_WARN__DUPLICATE_METHOD_MATCH = YES;
				CODE_SIGN_IDENTITY = "iPhone Developer";
				COPY_PHASE_STRIP = NO;
				DEBUG_INFORMATION_FORMAT = dwarf;
				ENABLE_STRICT_OBJC_MSGSEND = YES;
				ENABLE_TESTABILITY = YES;
				GCC_C_LANGUAGE_STANDARD = gnu11;
				GCC_DYNAMIC_NO_PIC = NO;
				GCC_NO_COMMON_BLOCKS = YES;
				GCC_OPTIMIZATION_LEVEL = 0;
				GCC_PREPROCESSOR_DEFINITIONS = (
					"DEBUG=1",
					"$(inherited)",
				);
				GCC_WARN_64_TO_32_BIT_CONVERSION = YES;
				GCC_WARN_ABOUT_RETURN_TYPE = YES_ERROR;
				GCC_WARN_UNDECLARED_SELECTOR = YES;
				GCC_WARN_UNINITIALIZED_AUTOS = YES_AGGRESSIVE;
				GCC_WARN_UNUSED_FUNCTION = YES;
				GCC_WARN_UNUSED_VARIABLE = YES;
				IPHONEOS_DEPLOYMENT_TARGET = 11.2;
				MTL_ENABLE_DEBUG_INFO = YES;
				ONLY_ACTIVE_ARCH = YES;
				SDKROOT = iphoneos;
				SWIFT_ACTIVE_COMPILATION_CONDITIONS = DEBUG;
				SWIFT_OPTIMIZATION_LEVEL = "-Onone";
			};
			name = Debug;
		};
		64832CC62074996900514BB4 /* Release */ = {
			isa = XCBuildConfiguration;
			buildSettings = {
				ALWAYS_SEARCH_USER_PATHS = NO;
				CLANG_ANALYZER_NONNULL = YES;
				CLANG_ANALYZER_NUMBER_OBJECT_CONVERSION = YES_AGGRESSIVE;
				CLANG_CXX_LANGUAGE_STANDARD = "gnu++14";
				CLANG_CXX_LIBRARY = "libc++";
				CLANG_ENABLE_MODULES = YES;
				CLANG_ENABLE_OBJC_ARC = YES;
				CLANG_WARN_BLOCK_CAPTURE_AUTORELEASING = YES;
				CLANG_WARN_BOOL_CONVERSION = YES;
				CLANG_WARN_COMMA = YES;
				CLANG_WARN_CONSTANT_CONVERSION = YES;
				CLANG_WARN_DIRECT_OBJC_ISA_USAGE = YES_ERROR;
				CLANG_WARN_DOCUMENTATION_COMMENTS = YES;
				CLANG_WARN_EMPTY_BODY = YES;
				CLANG_WARN_ENUM_CONVERSION = YES;
				CLANG_WARN_INFINITE_RECURSION = YES;
				CLANG_WARN_INT_CONVERSION = YES;
				CLANG_WARN_NON_LITERAL_NULL_CONVERSION = YES;
				CLANG_WARN_OBJC_LITERAL_CONVERSION = YES;
				CLANG_WARN_OBJC_ROOT_CLASS = YES_ERROR;
				CLANG_WARN_RANGE_LOOP_ANALYSIS = YES;
				CLANG_WARN_STRICT_PROTOTYPES = YES;
				CLANG_WARN_SUSPICIOUS_MOVE = YES;
				CLANG_WARN_UNGUARDED_AVAILABILITY = YES_AGGRESSIVE;
				CLANG_WARN_UNREACHABLE_CODE = YES;
				CLANG_WARN__DUPLICATE_METHOD_MATCH = YES;
				CODE_SIGN_IDENTITY = "iPhone Developer";
				COPY_PHASE_STRIP = NO;
				DEBUG_INFORMATION_FORMAT = "dwarf-with-dsym";
				ENABLE_NS_ASSERTIONS = NO;
				ENABLE_STRICT_OBJC_MSGSEND = YES;
				GCC_C_LANGUAGE_STANDARD = gnu11;
				GCC_NO_COMMON_BLOCKS = YES;
				GCC_WARN_64_TO_32_BIT_CONVERSION = YES;
				GCC_WARN_ABOUT_RETURN_TYPE = YES_ERROR;
				GCC_WARN_UNDECLARED_SELECTOR = YES;
				GCC_WARN_UNINITIALIZED_AUTOS = YES_AGGRESSIVE;
				GCC_WARN_UNUSED_FUNCTION = YES;
				GCC_WARN_UNUSED_VARIABLE = YES;
				IPHONEOS_DEPLOYMENT_TARGET = 11.2;
				MTL_ENABLE_DEBUG_INFO = NO;
				SDKROOT = iphoneos;
				SWIFT_OPTIMIZATION_LEVEL = "-Owholemodule";
				VALIDATE_PRODUCT = YES;
			};
			name = Release;
		};
		64832CC82074996900514BB4 /* Debug */ = {
			isa = XCBuildConfiguration;
			buildSettings = {
				ASSETCATALOG_COMPILER_APPICON_NAME = AppIcon;
				CODE_SIGN_STYLE = Automatic;
				INFOPLIST_FILE = "Alien ImageTimer/Info.plist";
				LD_RUNPATH_SEARCH_PATHS = "$(inherited) @executable_path/Frameworks";
				PRODUCT_BUNDLE_IDENTIFIER = "kr.ac.ditapps.Alien-ImageTimer";
				PRODUCT_NAME = "$(TARGET_NAME)";
				SWIFT_VERSION = 4.0;
				TARGETED_DEVICE_FAMILY = "1,2";
			};
			name = Debug;
		};
		64832CC92074996900514BB4 /* Release */ = {
			isa = XCBuildConfiguration;
			buildSettings = {
				ASSETCATALOG_COMPILER_APPICON_NAME = AppIcon;
				CODE_SIGN_STYLE = Automatic;
				INFOPLIST_FILE = "Alien ImageTimer/Info.plist";
				LD_RUNPATH_SEARCH_PATHS = "$(inherited) @executable_path/Frameworks";
				PRODUCT_BUNDLE_IDENTIFIER = "kr.ac.ditapps.Alien-ImageTimer";
				PRODUCT_NAME = "$(TARGET_NAME)";
				SWIFT_VERSION = 4.0;
				TARGETED_DEVICE_FAMILY = "1,2";
			};
			name = Release;
		};
/* End XCBuildConfiguration section */

/* Begin XCConfigurationList section */
		64832CB02074996900514BB4 /* Build configuration list for PBXProject "Alien ImageTimer" */ = {
			isa = XCConfigurationList;
			buildConfigurations = (
				64832CC52074996900514BB4 /* Debug */,
				64832CC62074996900514BB4 /* Release */,
			);
			defaultConfigurationIsVisible = 0;
			defaultConfigurationName = Release;
		};
		64832CC72074996900514BB4 /* Build configuration list for PBXNativeTarget "Alien ImageTimer" */ = {
			isa = XCConfigurationList;
			buildConfigurations = (
				64832CC82074996900514BB4 /* Debug */,
				64832CC92074996900514BB4 /* Release */,
			);
			defaultConfigurationIsVisible = 0;
			defaultConfigurationName = Release;
		};
/* End XCConfigurationList section */
	};
	rootObject = 64832CAD2074996900514BB4 /* Project object */;
}
